<?xml version="1.0" encoding="utf-8"?>
<Project ToolsVersion="4.0" xmlns="http://schemas.microsoft.com/developer/msbuild/2003">
  <ItemGroup>
    <CudaCompile Include="core\kernel.cu">
      <Filter>Source Files</Filter>
    </CudaCompile>
    <CudaCompile Include="core\test.cu">
      <Filter>Source Files</Filter>
    </CudaCompile>
    <CudaCompile Include="core\CuDataManager.cu">
      <Filter>Source Files</Filter>
    </CudaCompile>
  </ItemGroup>
  <ItemGroup>
    <Filter Include="Source Files">
      <UniqueIdentifier>{bef32c7c-73ad-4a72-a670-e0c005dd8152}</UniqueIdentifier>
    </Filter>
    <Filter Include="Header Files">
      <UniqueIdentifier>{cf62bee9-1358-43df-baac-12dbee291a82}</UniqueIdentifier>
    </Filter>
    <Filter Include="fpng">
      <UniqueIdentifier>{9337b093-daec-4b56-9ac4-255f4294bc5a}</UniqueIdentifier>
    </Filter>
  </ItemGroup>
  <ItemGroup>
    <ClCompile Include="core\VolumeInfo.cpp">
      <Filter>Source Files</Filter>
    </ClCompile>
    <ClCompile Include="core\TransferFunction.cpp">
      <Filter>Source Files</Filter>
    </ClCompile>
    <ClCompile Include="core\StopWatch.cpp">
      <Filter>Source Files</Filter>
    </ClCompile>
    <ClCompile Include="core\Render.cpp">
      <Filter>Source Files</Filter>
    </ClCompile>
    <ClCompile Include="core\Point.cpp">
      <Filter>Source Files</Filter>
    </ClCompile>
    <ClCompile Include="core\PlaneInfo.cpp">
      <Filter>Source Files</Filter>
    </ClCompile>
    <ClCompile Include="core\MarchingCube.cpp">
      <Filter>Source Files</Filter>
    </ClCompile>
    <ClCompile Include="core\Methods.cpp">
      <Filter>Source Files</Filter>
    </ClCompile>
    <ClCompile Include="core\MPRInfo.cpp">
      <Filter>Source Files</Filter>
    </ClCompile>
    <ClCompile Include="core\ObjectInfo.cpp">
      <Filter>Source Files</Filter>
    </ClCompile>
    <ClCompile Include="core\Logger.cpp">
      <Filter>Source Files</Filter>
    </ClCompile>
    <ClCompile Include="core\IRender.cpp">
      <Filter>Source Files</Filter>
    </ClCompile>
    <ClCompile Include="core\ImageReader.cpp">
      <Filter>Source Files</Filter>
    </ClCompile>
    <ClCompile Include="core\HelloMonkey.cpp">
      <Filter>Source Files</Filter>
    </ClCompile>
    <ClCompile Include="core\Direction.cpp">
      <Filter>Source Files</Filter>
    </ClCompile>
    <ClCompile Include="core\DeviceInfo.cpp">
      <Filter>Source Files</Filter>
    </ClCompile>
    <ClCompile Include="core\Defines.cpp">
      <Filter>Source Files</Filter>
    </ClCompile>
    <ClCompile Include="core\DataManager.cpp">
      <Filter>Source Files</Filter>
    </ClCompile>
    <ClCompile Include="core\CPRInfo.cpp">
      <Filter>Source Files</Filter>
    </ClCompile>
    <ClCompile Include="core\BatchInfo.cpp">
      <Filter>Source Files</Filter>
    </ClCompile>
    <ClCompile Include="core\AnnotationUtils.cpp">
      <Filter>Source Files</Filter>
    </ClCompile>
    <ClCompile Include="core\fpng\fpng.cpp">
      <Filter>fpng</Filter>
    </ClCompile>
    <ClCompile Include="core\fpng\fpng_test.cpp">
      <Filter>fpng</Filter>
    </ClCompile>
    <ClCompile Include="core\fpng\lodepng.cpp">
      <Filter>fpng</Filter>
    </ClCompile>
    <ClCompile Include="core\fpng\wuffs-v0.3.c">
      <Filter>fpng</Filter>
    </ClCompile>
    <ClCompile Include="core\AnnotationInfo.cpp">
      <Filter>Source Files</Filter>
    </ClCompile>
    <ClCompile Include="core\AnnotationLayer.cpp">
      <Filter>Source Files</Filter>
    </ClCompile>
    <ClCompile Include="core\BaseDataProvider.cpp">
      <Filter>Source Files</Filter>
    </ClCompile>
    <ClCompile Include="core\BaseLayer.cpp">
      <Filter>Source Files</Filter>
    </ClCompile>
    <ClCompile Include="core\CPRImageLayer.cpp">
      <Filter>Source Files</Filter>
    </ClCompile>
    <ClCompile Include="core\CPRLineLayer.cpp">
      <Filter>Source Files</Filter>
    </ClCompile>
    <ClCompile Include="core\CPRProvider.cpp">
      <Filter>Source Files</Filter>
    </ClCompile>
    <ClCompile Include="core\CuDataManager.cpp">
      <Filter>Source Files</Filter>
    </ClCompile>
    <ClCompile Include="core\ImageLayer.cpp">
      <Filter>Source Files</Filter>
    </ClCompile>
    <ClCompile Include="core\MPRImageLayer.cpp">
      <Filter>Source Files</Filter>
    </ClCompile>
    <ClCompile Include="core\MPRProvider.cpp">
      <Filter>Source Files</Filter>
    </ClCompile>
    <ClCompile Include="core\RenderInfo.cpp">
      <Filter>Source Files</Filter>
    </ClCompile>
    <ClCompile Include="core\TestOnly.cpp">
      <Filter>Source Files</Filter>
    </ClCompile>
    <ClCompile Include="core\VRImageLayer.cpp">
      <Filter>Source Files</Filter>
    </ClCompile>
    <ClCompile Include="core\VRProvider.cpp">
      <Filter>Source Files</Filter>
    </ClCompile>
  </ItemGroup>
  <ItemGroup>
    <ClInclude Include="core\AnnotationUtils.h">
      <Filter>Header Files</Filter>
    </ClInclude>
    <ClInclude Include="core\BatchInfo.h">
      <Filter>Header Files</Filter>
    </ClInclude>
    <ClInclude Include="core\CPRInfo.h">
      <Filter>Header Files</Filter>
    </ClInclude>
    <ClInclude Include="core\DataManager.h">
      <Filter>Header Files</Filter>
    </ClInclude>
    <ClInclude Include="core\Defines.h">
      <Filter>Header Files</Filter>
    </ClInclude>
    <ClInclude Include="core\DeviceInfo.h">
      <Filter>Header Files</Filter>
    </ClInclude>
    <ClInclude Include="core\Direction.h">
      <Filter>Header Files</Filter>
    </ClInclude>
    <ClInclude Include="core\HelloMonkey.h">
      <Filter>Header Files</Filter>
    </ClInclude>
    <ClInclude Include="core\ImageReader.h">
      <Filter>Header Files</Filter>
    </ClInclude>
    <ClInclude Include="core\IRender.h">
      <Filter>Header Files</Filter>
    </ClInclude>
    <ClInclude Include="core\Logger.h">
      <Filter>Header Files</Filter>
    </ClInclude>
    <ClInclude Include="core\MarchingCube.h">
      <Filter>Header Files</Filter>
    </ClInclude>
    <ClInclude Include="core\Methods.h">
      <Filter>Header Files</Filter>
    </ClInclude>
    <ClInclude Include="core\MPRInfo.h">
      <Filter>Header Files</Filter>
    </ClInclude>
    <ClInclude Include="core\ObjectInfo.h">
      <Filter>Header Files</Filter>
    </ClInclude>
    <ClInclude Include="core\PlaneInfo.h">
      <Filter>Header Files</Filter>
    </ClInclude>
    <ClInclude Include="core\Point.h">
      <Filter>Header Files</Filter>
    </ClInclude>
    <ClInclude Include="core\Render.h">
      <Filter>Header Files</Filter>
    </ClInclude>
    <ClInclude Include="core\StopWatch.h">
      <Filter>Header Files</Filter>
    </ClInclude>
    <ClInclude Include="core\TransferFunction.h">
      <Filter>Header Files</Filter>
    </ClInclude>
    <ClInclude Include="core\VolumeInfo.h">
      <Filter>Header Files</Filter>
    </ClInclude>
    <ClInclude Include="core\Base64.hpp">
      <Filter>Header Files</Filter>
    </ClInclude>
    <ClInclude Include="core\fpng\fpng.h">
      <Filter>fpng</Filter>
    </ClInclude>
    <ClInclude Include="core\fpng\lodepng.h">
      <Filter>fpng</Filter>
    </ClInclude>
    <ClInclude Include="core\fpng\qoi.h">
      <Filter>fpng</Filter>
    </ClInclude>
    <ClInclude Include="core\fpng\stb_image.h">
      <Filter>fpng</Filter>
    </ClInclude>
    <ClInclude Include="core\fpng\stb_image_write.h">
      <Filter>fpng</Filter>
    </ClInclude>
    <ClInclude Include="core\AnnotationInfo.h">
      <Filter>Header Files</Filter>
    </ClInclude>
    <ClInclude Include="core\AnnotationLayer.h">
      <Filter>Header Files</Filter>
    </ClInclude>
    <ClInclude Include="core\BaseDataProvider.h">
      <Filter>Header Files</Filter>
    </ClInclude>
    <ClInclude Include="core\BaseLayer.h">
      <Filter>Header Files</Filter>
    </ClInclude>
    <ClInclude Include="core\CPRImageLayer.h">
      <Filter>Header Files</Filter>
    </ClInclude>
    <ClInclude Include="core\CPRLineLayer.h">
      <Filter>Header Files</Filter>
    </ClInclude>
    <ClInclude Include="core\CPRProvider.h">
      <Filter>Header Files</Filter>
    </ClInclude>
    <ClInclude Include="core\CuDataManager.h">
      <Filter>Header Files</Filter>
    </ClInclude>
    <ClInclude Include="core\ImageLayer.h">
      <Filter>Header Files</Filter>
    </ClInclude>
    <ClInclude Include="core\MPRImageLayer.h">
      <Filter>Header Files</Filter>
    </ClInclude>
    <ClInclude Include="core\MPRProvider.h">
      <Filter>Header Files</Filter>
    </ClInclude>
    <ClInclude Include="core\RenderInfo.h">
      <Filter>Header Files</Filter>
    </ClInclude>
    <ClInclude Include="core\TestOnly.h">
      <Filter>Header Files</Filter>
    </ClInclude>
    <ClInclude Include="core\VRImageLayer.h">
      <Filter>Header Files</Filter>
    </ClInclude>
    <ClInclude Include="core\VRProvider.h">
      <Filter>Header Files</Filter>
    </ClInclude>
  </ItemGroup>
</Project>